
Microsoft Visual Studio Solution File, Format Version 12.00
# Visual Studio Version 17
VisualStudioVersion = 17.0.31903.59
MinimumVisualStudioVersion = 10.0.40219.1
Project("{FAE04EC0-301F-11D3-BF4B-00C04F79EFBC}") = "Psaltos", "Psaltos.csproj", "{B1B03BBC-1105-43C8-B5E0-C6FC8AD2422B}"
EndProject
Project("{FAE04EC0-301F-11D3-BF4B-00C04F79EFBC}") = "Psaltos.Tests", "Psaltos.Tests\Psaltos.Tests.csproj", "{C35C0896-3A3C-4BDB-9C12-065788A4F247}"
EndProject
Global
	GlobalSection(SolutionConfigurationPlatforms) = preSolution
		Debug|Any CPU = Debug|Any CPU
		Release|Any CPU = Release|Any CPU
	EndGlobalSection
	GlobalSection(SolutionProperties) = preSolution
		HideSolutionNode = FALSE
	EndGlobalSection
	GlobalSection(ProjectConfigurationPlatforms) = postSolution
		{B1B03BBC-1105-43C8-B5E0-C6FC8AD2422B}.Debug|Any CPU.ActiveCfg = Debug|Any CPU
		{B1B03BBC-1105-43C8-B5E0-C6FC8AD2422B}.Debug|Any CPU.Build.0 = Debug|Any CPU
		{B1B03BBC-1105-43C8-B5E0-C6FC8AD2422B}.Release|Any CPU.ActiveCfg = Release|Any CPU
		{B1B03BBC-1105-43C8-B5E0-C6FC8AD2422B}.Release|Any CPU.Build.0 = Release|Any CPU
		{C35C0896-3A3C-4BDB-9C12-065788A4F247}.Debug|Any CPU.ActiveCfg = Debug|Any CPU
		{C35C0896-3A3C-4BDB-9C12-065788A4F247}.Debug|Any CPU.Build.0 = Debug|Any CPU
		{C35C0896-3A3C-4BDB-9C12-065788A4F247}.Release|Any CPU.ActiveCfg = Release|Any CPU
		{C35C0896-3A3C-4BDB-9C12-065788A4F247}.Release|Any CPU.Build.0 = Release|Any CPU
	EndGlobalSection
EndGlobal
